PODS:
  - Alamofire (4.8.2)
  - Firebase/CoreOnly (6.1.0):
    - FirebaseCore (= 6.0.1)
  - Firebase/Messaging (6.1.0):
    - Firebase/CoreOnly
    - FirebaseMessaging (~> 4.0.1)
  - FirebaseAnalyticsInterop (1.2.0)
  - FirebaseCore (6.0.1):
    - GoogleUtilities/Environment (~> 6.0)
    - GoogleUtilities/Logger (~> 6.0)
  - FirebaseInstanceID (4.1.0):
    - FirebaseCore (~> 6.0)
    - GoogleUtilities/Environment (~> 6.0)
    - GoogleUtilities/UserDefaults (~> 6.0)
  - FirebaseMessaging (4.0.1):
    - FirebaseAnalyticsInterop (~> 1.1)
    - FirebaseCore (~> 6.0)
    - FirebaseInstanceID (~> 4.1)
    - GoogleUtilities/AppDelegateSwizzler (~> 6.0)
    - GoogleUtilities/Environment (~> 6.0)
    - GoogleUtilities/Reachability (~> 6.0)
    - GoogleUtilities/UserDefaults (~> 6.0)
    - Protobuf (~> 3.1)
  - GoogleUtilities/AppDelegateSwizzler (6.2.0):
    - GoogleUtilities/Environment
    - GoogleUtilities/Logger
    - GoogleUtilities/Network
  - GoogleUtilities/Environment (6.2.0)
  - GoogleUtilities/Logger (6.2.0):
    - GoogleUtilities/Environment
  - GoogleUtilities/Network (6.2.0):
    - GoogleUtilities/Logger
    - "GoogleUtilities/NSData+zlib"
    - GoogleUtilities/Reachability
  - "GoogleUtilities/NSData+zlib (6.2.0)"
  - GoogleUtilities/Reachability (6.2.0):
    - GoogleUtilities/Logger
  - GoogleUtilities/UserDefaults (6.2.0):
    - GoogleUtilities/Logger
  - GoogleWebRTC (1.1.28408)
  - IQKeyboardManagerSwift (6.3.0)
  - Protobuf (3.8.0)
  - SlideMenuControllerSwift (5.0.0)
  - SocketRocket (0.5.1)
  - SwiftyJSON (5.0.0)
  - SwiftyTimer (2.1.0)
  - webrtcat4 (4.0.0):
    - GoogleWebRTC
    - SocketRocket

DEPENDENCIES:
  - Alamofire (~> 4.0)
  - Firebase/Messaging
  - IQKeyboardManagerSwift
  - SlideMenuControllerSwift (from `https://github.com/AtomicSLLC/SlideMenuControllerSwift.git`, branch `swift5`)
  - SwiftyJSON
  - SwiftyTimer (~> 2.0)
  - webrtcat4 (from `https://github.com/seg-i2CAT/webrtcat4_ios.git`, branch `4.0.0`)

SPEC REPOS:
  https://github.com/cocoapods/specs.git:
    - Alamofire
    - Firebase
    - FirebaseAnalyticsInterop
    - FirebaseCore
    - FirebaseInstanceID
    - FirebaseMessaging
    - GoogleUtilities
    - GoogleWebRTC
    - IQKeyboardManagerSwift
    - Protobuf
    - SocketRocket
    - SwiftyJSON
    - SwiftyTimer

EXTERNAL SOURCES:
  SlideMenuControllerSwift:
    :branch: swift5
    :git: https://github.com/AtomicSLLC/SlideMenuControllerSwift.git
  webrtcat4:
    :branch: 4.0.0
    :git: https://github.com/seg-i2CAT/webrtcat4_ios.git

CHECKOUT OPTIONS:
  SlideMenuControllerSwift:
    :commit: 21240fd221adc2e50adb366d45bc19185bb62e3c
    :git: https://github.com/AtomicSLLC/SlideMenuControllerSwift.git
  webrtcat4:
    :commit: 49a637634e9045afb12e0192555b92159b3699da
    :git: https://github.com/seg-i2CAT/webrtcat4_ios.git

SPEC CHECKSUMS:
  Alamofire: ae5c501addb7afdbb13687d7f2f722c78734c2d3
  Firebase: 8d77bb33624ae9b62d745d82ec023de5f70f7e4f
  FirebaseAnalyticsInterop: efbe45c8385ec626e29f9525e5ebd38520dfb6c1
  FirebaseCore: 66bdef3b310a026880e2a5bc8aa586ab62ce4543
  FirebaseInstanceID: 27bed93a59b6685f5c3e0c028a878a764fd75c33
  FirebaseMessaging: 31377e05331d16dc6c9fd82554f9a5c49aa70aed
  GoogleUtilities: 996e0db07153674fd1b54b220fda3a3dc3547cba
  GoogleWebRTC: ac5f7a5a264b4873f09454af79f938e283e02aa0
  IQKeyboardManagerSwift: a8228c257614af98743b4cd8584637025f36358f
  Protobuf: 3f617b9a6e73605565086864c9bc26b2bf2dd5a3
  SlideMenuControllerSwift: d740ea24105a658fe6a8c256f2bf5832fee7c047
  SocketRocket: d57c7159b83c3c6655745cd15302aa24b6bae531
  SwiftyJSON: 36413e04c44ee145039d332b4f4e2d3e8d6c4db7
  SwiftyTimer: 02dd6cf10cbc71cbf67cec494f6e5eb782102543
  webrtcat4: 1113231ddfd43603b4ecd29477d5453f2e02a344

PODFILE CHECKSUM: 0b5b2027ffb2988a28ba77f7f172551a7f4087b8

COCOAPODS: 1.7.1
